
Microsoft Visual Studio Solution File, Format Version 12.00
# Visual Studio Version 17
VisualStudioVersion = 17.8.34330.188
MinimumVisualStudioVersion = 10.0.40219.1
Project("{9A19103F-16F7-4668-BE54-9A1E7A4F7556}") = "01_OptionPattern", "OptionsPattern\01_OptionPattern.csproj", "{746CB680-F2EA-4657-9AFF-3BCC46DE5A92}"
EndProject
Global
	GlobalSection(SolutionConfigurationPlatforms) = preSolution
		Debug|Any CPU = Debug|Any CPU
		Release|Any CPU = Release|Any CPU
	EndGlobalSection
	GlobalSection(ProjectConfigurationPlatforms) = postSolution
		{746CB680-F2EA-4657-9AFF-3BCC46DE5A92}.Debug|Any CPU.ActiveCfg = Debug|Any CPU
		{746CB680-F2EA-4657-9AFF-3BCC46DE5A92}.Debug|Any CPU.Build.0 = Debug|Any CPU
		{746CB680-F2EA-4657-9AFF-3BCC46DE5A92}.Release|Any CPU.ActiveCfg = Release|Any CPU
		{746CB680-F2EA-4657-9AFF-3BCC46DE5A92}.Release|Any CPU.Build.0 = Release|Any CPU
	EndGlobalSection
	GlobalSection(SolutionProperties) = preSolution
		HideSolutionNode = FALSE
	EndGlobalSection
	GlobalSection(ExtensibilityGlobals) = postSolution
		SolutionGuid = {B0F77941-A2B3-48A4-929F-A72B42EB30BD}
	EndGlobalSection
EndGlobal
